
Microsoft Visual Studio Solution File, Format Version 12.00
# Visual Studio Version 16
VisualStudioVersion = 16.0.32630.194
MinimumVisualStudioVersion = 10.0.40219.1
Project("{FAE04EC0-301F-11D3-BF4B-00C04F79EFBC}") = "Elso", "Elso\Elso.csproj", "{0DCCE954-1787-48F7-9DF8-D3B652FA6891}"
EndProject
Global
	GlobalSection(SolutionConfigurationPlatforms) = preSolution
		Debug|Any CPU = Debug|Any CPU
		Release|Any CPU = Release|Any CPU
	EndGlobalSection
	GlobalSection(ProjectConfigurationPlatforms) = postSolution
		{0DCCE954-1787-48F7-9DF8-D3B652FA6891}.Debug|Any CPU.ActiveCfg = Debug|Any CPU
		{0DCCE954-1787-48F7-9DF8-D3B652FA6891}.Debug|Any CPU.Build.0 = Debug|Any CPU
		{0DCCE954-1787-48F7-9DF8-D3B652FA6891}.Release|Any CPU.ActiveCfg = Release|Any CPU
		{0DCCE954-1787-48F7-9DF8-D3B652FA6891}.Release|Any CPU.Build.0 = Release|Any CPU
	EndGlobalSection
	GlobalSection(SolutionProperties) = preSolution
		HideSolutionNode = FALSE
	EndGlobalSection
	GlobalSection(ExtensibilityGlobals) = postSolution
		SolutionGuid = {42500361-773E-4E57-820D-9F6EAA839339}
	EndGlobalSection
EndGlobal
